// !$*UTF8*$!
{
	archiveVersion = 1;
	classes = {
	};
	objectVersion = 46;
	objects = {

/* Begin PBXBuildFile section */
		C38D519214831BB700B5E23C /* main.cpp in Sources */ = {isa = PBXBuildFile; fileRef = C38D519114831BB700B5E23C /* main.cpp */; };
		C38D519414831BB700B5E23C /* chess.1 in CopyFiles */ = {isa = PBXBuildFile; fileRef = C38D519314831BB700B5E23C /* chess.1 */; };
		C38D519B14831C3E00B5E23C /* wingletx.cpp in Sources */ = {isa = PBXBuildFile; fileRef = C38D519A14831C3E00B5E23C /* wingletx.cpp */; };
		C38D519F14831D7D00B5E23C /* command.cpp in Sources */ = {isa = PBXBuildFile; fileRef = C38D519E14831D7D00B5E23C /* command.cpp */; };
		C38D51A41483457200B5E23C /* bitops.cpp in Sources */ = {isa = PBXBuildFile; fileRef = C38D51A31483457200B5E23C /* bitops.cpp */; };
		C38D51A6148348D300B5E23C /* data.cpp in Sources */ = {isa = PBXBuildFile; fileRef = C38D51A5148348D300B5E23C /* data.cpp */; };
		C38D51A81483494D00B5E23C /* board.cpp in Sources */ = {isa = PBXBuildFile; fileRef = C38D51A71483494D00B5E23C /* board.cpp */; };
/* End PBXBuildFile section */

/* Begin PBXCopyFilesBuildPhase section */
		C38D518B14831BB700B5E23C /* CopyFiles */ = {
			isa = PBXCopyFilesBuildPhase;
			buildActionMask = 2147483647;
			dstPath = /usr/share/man/man1/;
			dstSubfolderSpec = 0;
			files = (
				C38D519414831BB700B5E23C /* chess.1 in CopyFiles */,
			);
			runOnlyForDeploymentPostprocessing = 1;
		};
/* End PBXCopyFilesBuildPhase section */

/* Begin PBXFileReference section */
		C38D518D14831BB700B5E23C /* chess */ = {isa = PBXFileReference; explicitFileType = "compiled.mach-o.executable"; includeInIndex = 0; path = chess; sourceTree = BUILT_PRODUCTS_DIR; };
		C38D519114831BB700B5E23C /* main.cpp */ = {isa = PBXFileReference; lastKnownFileType = sourcecode.cpp.cpp; path = main.cpp; sourceTree = "<group>"; };
		C38D519314831BB700B5E23C /* chess.1 */ = {isa = PBXFileReference; lastKnownFileType = text.man; path = chess.1; sourceTree = "<group>"; };
		C38D519A14831C3E00B5E23C /* wingletx.cpp */ = {isa = PBXFileReference; fileEncoding = 4; lastKnownFileType = sourcecode.cpp.cpp; path = wingletx.cpp; sourceTree = "<group>"; };
		C38D519C14831C7900B5E23C /* defines.h */ = {isa = PBXFileReference; fileEncoding = 4; lastKnownFileType = sourcecode.c.h; path = defines.h; sourceTree = "<group>"; };
		C38D519D14831CCF00B5E23C /* protos.h */ = {isa = PBXFileReference; fileEncoding = 4; lastKnownFileType = sourcecode.c.h; path = protos.h; sourceTree = "<group>"; };
		C38D519E14831D7D00B5E23C /* command.cpp */ = {isa = PBXFileReference; fileEncoding = 4; lastKnownFileType = sourcecode.cpp.cpp; path = command.cpp; sourceTree = "<group>"; };
		C38D51A014833F3C00B5E23C /* globals.h */ = {isa = PBXFileReference; fileEncoding = 4; lastKnownFileType = sourcecode.c.h; path = globals.h; sourceTree = "<group>"; };
		C38D51A114833F5D00B5E23C /* extglobals.h */ = {isa = PBXFileReference; fileEncoding = 4; lastKnownFileType = sourcecode.c.h; path = extglobals.h; sourceTree = "<group>"; };
		C38D51A21483424C00B5E23C /* board.h */ = {isa = PBXFileReference; fileEncoding = 4; lastKnownFileType = sourcecode.c.h; path = board.h; sourceTree = "<group>"; };
		C38D51A31483457200B5E23C /* bitops.cpp */ = {isa = PBXFileReference; fileEncoding = 4; lastKnownFileType = sourcecode.cpp.cpp; path = bitops.cpp; sourceTree = "<group>"; };
		C38D51A5148348D300B5E23C /* data.cpp */ = {isa = PBXFileReference; fileEncoding = 4; lastKnownFileType = sourcecode.cpp.cpp; path = data.cpp; sourceTree = "<group>"; };
		C38D51A71483494D00B5E23C /* board.cpp */ = {isa = PBXFileReference; fileEncoding = 4; lastKnownFileType = sourcecode.cpp.cpp; path = board.cpp; sourceTree = "<group>"; };
/* End PBXFileReference section */

/* Begin PBXFrameworksBuildPhase section */
		C38D518A14831BB700B5E23C /* Frameworks */ = {
			isa = PBXFrameworksBuildPhase;
			buildActionMask = 2147483647;
			files = (
			);
			runOnlyForDeploymentPostprocessing = 0;
		};
/* End PBXFrameworksBuildPhase section */

/* Begin PBXGroup section */
		C38D518214831BB600B5E23C = {
			isa = PBXGroup;
			children = (
				C38D519014831BB700B5E23C /* chess */,
				C38D518E14831BB700B5E23C /* Products */,
			);
			sourceTree = "<group>";
		};
		C38D518E14831BB700B5E23C /* Products */ = {
			isa = PBXGroup;
			children = (
				C38D518D14831BB700B5E23C /* chess */,
			);
			name = Products;
			sourceTree = "<group>";
		};
		C38D519014831BB700B5E23C /* chess */ = {
			isa = PBXGroup;
			children = (
				C38D519114831BB700B5E23C /* main.cpp */,
				C38D519A14831C3E00B5E23C /* wingletx.cpp */,
				C38D519314831BB700B5E23C /* chess.1 */,
				C38D519E14831D7D00B5E23C /* command.cpp */,
				C38D519D14831CCF00B5E23C /* protos.h */,
				C38D519C14831C7900B5E23C /* defines.h */,
				C38D51A71483494D00B5E23C /* board.cpp */,
				C38D51A114833F5D00B5E23C /* extglobals.h */,
				C38D51A5148348D300B5E23C /* data.cpp */,
				C38D51A31483457200B5E23C /* bitops.cpp */,
				C38D51A014833F3C00B5E23C /* globals.h */,
				C38D51A21483424C00B5E23C /* board.h */,
			);
			path = chess;
			sourceTree = "<group>";
		};
/* End PBXGroup section */

/* Begin PBXNativeTarget section */
		C38D518C14831BB700B5E23C /* chess */ = {
			isa = PBXNativeTarget;
			buildConfigurationList = C38D519714831BB700B5E23C /* Build configuration list for PBXNativeTarget "chess" */;
			buildPhases = (
				C38D518914831BB700B5E23C /* Sources */,
				C38D518A14831BB700B5E23C /* Frameworks */,
				C38D518B14831BB700B5E23C /* CopyFiles */,
			);
			buildRules = (
			);
			dependencies = (
			);
			name = chess;
			productName = chess;
			productReference = C38D518D14831BB700B5E23C /* chess */;
			productType = "com.apple.product-type.tool";
		};
/* End PBXNativeTarget section */

/* Begin PBXProject section */
		C38D518414831BB600B5E23C /* Project object */ = {
			isa = PBXProject;
			attributes = {
				LastUpgradeCheck = 0420;
			};
			buildConfigurationList = C38D518714831BB600B5E23C /* Build configuration list for PBXProject "chess" */;
			compatibilityVersion = "Xcode 3.2";
			developmentRegion = English;
			hasScannedForEncodings = 0;
			knownRegions = (
				en,
			);
			mainGroup = C38D518214831BB600B5E23C;
			productRefGroup = C38D518E14831BB700B5E23C /* Products */;
			projectDirPath = "";
			projectRoot = "";
			targets = (
				C38D518C14831BB700B5E23C /* chess */,
			);
		};
/* End PBXProject section */

/* Begin PBXSourcesBuildPhase section */
		C38D518914831BB700B5E23C /* Sources */ = {
			isa = PBXSourcesBuildPhase;
			buildActionMask = 2147483647;
			files = (
				C38D519214831BB700B5E23C /* main.cpp in Sources */,
				C38D519B14831C3E00B5E23C /* wingletx.cpp in Sources */,
				C38D519F14831D7D00B5E23C /* command.cpp in Sources */,
				C38D51A41483457200B5E23C /* bitops.cpp in Sources */,
				C38D51A6148348D300B5E23C /* data.cpp in Sources */,
				C38D51A81483494D00B5E23C /* board.cpp in Sources */,
			);
			runOnlyForDeploymentPostprocessing = 0;
		};
/* End PBXSourcesBuildPhase section */

/* Begin XCBuildConfiguration section */
		C38D519514831BB700B5E23C /* Debug */ = {
			isa = XCBuildConfiguration;
			buildSettings = {
				ALWAYS_SEARCH_USER_PATHS = NO;
				ARCHS = "$(ARCHS_STANDARD_64_BIT)";
				CLANG_ENABLE_OBJC_ARC = YES;
				COPY_PHASE_STRIP = NO;
				GCC_C_LANGUAGE_STANDARD = gnu99;
				GCC_DYNAMIC_NO_PIC = NO;
				GCC_ENABLE_OBJC_EXCEPTIONS = YES;
				GCC_OPTIMIZATION_LEVEL = 0;
				GCC_PREPROCESSOR_DEFINITIONS = (
					"DEBUG=1",
					"$(inherited)",
				);
				GCC_SYMBOLS_PRIVATE_EXTERN = NO;
				GCC_VERSION = com.apple.compilers.llvm.clang.1_0;
				GCC_WARN_64_TO_32_BIT_CONVERSION = YES;
				GCC_WARN_ABOUT_MISSING_PROTOTYPES = YES;
				GCC_WARN_ABOUT_RETURN_TYPE = YES;
				GCC_WARN_UNUSED_VARIABLE = YES;
				MACOSX_DEPLOYMENT_TARGET = 10.7;
				ONLY_ACTIVE_ARCH = YES;
				SDKROOT = macosx;
			};
			name = Debug;
		};
		C38D519614831BB700B5E23C /* Release */ = {
			isa = XCBuildConfiguration;
			buildSettings = {
				ALWAYS_SEARCH_USER_PATHS = NO;
				ARCHS = "$(ARCHS_STANDARD_64_BIT)";
				CLANG_ENABLE_OBJC_ARC = YES;
				COPY_PHASE_STRIP = YES;
				DEBUG_INFORMATION_FORMAT = "dwarf-with-dsym";
				GCC_C_LANGUAGE_STANDARD = gnu99;
				GCC_ENABLE_OBJC_EXCEPTIONS = YES;
				GCC_VERSION = com.apple.compilers.llvm.clang.1_0;
				GCC_WARN_64_TO_32_BIT_CONVERSION = YES;
				GCC_WARN_ABOUT_MISSING_PROTOTYPES = YES;
				GCC_WARN_ABOUT_RETURN_TYPE = YES;
				GCC_WARN_UNUSED_VARIABLE = YES;
				MACOSX_DEPLOYMENT_TARGET = 10.7;
				SDKROOT = macosx;
			};
			name = Release;
		};
		C38D519814831BB700B5E23C /* Debug */ = {
			isa = XCBuildConfiguration;
			buildSettings = {
				PRODUCT_NAME = "$(TARGET_NAME)";
			};
			name = Debug;
		};
		C38D519914831BB700B5E23C /* Release */ = {
			isa = XCBuildConfiguration;
			buildSettings = {
				PRODUCT_NAME = "$(TARGET_NAME)";
			};
			name = Release;
		};
/* End XCBuildConfiguration section */

/* Begin XCConfigurationList section */
		C38D518714831BB600B5E23C /* Build configuration list for PBXProject "chess" */ = {
			isa = XCConfigurationList;
			buildConfigurations = (
				C38D519514831BB700B5E23C /* Debug */,
				C38D519614831BB700B5E23C /* Release */,
			);
			defaultConfigurationIsVisible = 0;
			defaultConfigurationName = Release;
		};
		C38D519714831BB700B5E23C /* Build configuration list for PBXNativeTarget "chess" */ = {
			isa = XCConfigurationList;
			buildConfigurations = (
				C38D519814831BB700B5E23C /* Debug */,
				C38D519914831BB700B5E23C /* Release */,
			);
			defaultConfigurationIsVisible = 0;
		};
/* End XCConfigurationList section */
	};
	rootObject = C38D518414831BB600B5E23C /* Project object */;
}
